
Microsoft Visual Studio Solution File, Format Version 12.00
# Visual Studio Version 17
VisualStudioVersion = 17.5.33627.172
MinimumVisualStudioVersion = 10.0.40219.1
Project("{8BC9CEB8-8B4A-11D0-8D11-00A0C91BC942}") = "Project2", "Project2.vcxproj", "{53C3D0C9-8ABD-47AB-A6A1-6ED1DDBAA023}"
EndProject
Global
	GlobalSection(SolutionConfigurationPlatforms) = preSolution
		Debug|x64 = Debug|x64
		Debug|x86 = Debug|x86
		Release|x64 = Release|x64
		Release|x86 = Release|x86
	EndGlobalSection
	GlobalSection(ProjectConfigurationPlatforms) = postSolution
		{53C3D0C9-8ABD-47AB-A6A1-6ED1DDBAA023}.Debug|x64.ActiveCfg = Debug|x64
		{53C3D0C9-8ABD-47AB-A6A1-6ED1DDBAA023}.Debug|x64.Build.0 = Debug|x64
		{53C3D0C9-8ABD-47AB-A6A1-6ED1DDBAA023}.Debug|x86.ActiveCfg = Debug|Win32
		{53C3D0C9-8ABD-47AB-A6A1-6ED1DDBAA023}.Debug|x86.Build.0 = Debug|Win32
		{53C3D0C9-8ABD-47AB-A6A1-6ED1DDBAA023}.Release|x64.ActiveCfg = Release|x64
		{53C3D0C9-8ABD-47AB-A6A1-6ED1DDBAA023}.Release|x64.Build.0 = Release|x64
		{53C3D0C9-8ABD-47AB-A6A1-6ED1DDBAA023}.Release|x86.ActiveCfg = Release|Win32
		{53C3D0C9-8ABD-47AB-A6A1-6ED1DDBAA023}.Release|x86.Build.0 = Release|Win32
	EndGlobalSection
	GlobalSection(SolutionProperties) = preSolution
		HideSolutionNode = FALSE
	EndGlobalSection
	GlobalSection(ExtensibilityGlobals) = postSolution
		SolutionGuid = {77FED623-D2F1-4C22-B7D6-8A6254890122}
	EndGlobalSection
EndGlobal
